<?xml version="1.0" encoding="utf-8"?>
<Project xmlns="http://schemas.microsoft.com/developer/msbuild/2003">
  <ItemGroup>
    <Filter Include="Header Files">
      <UniqueIdentifier>{93995380-89BD-4b04-88EB-625FBE52EBFB}</UniqueIdentifier>
    </Filter>
    <Filter Include="Source Files">
      <UniqueIdentifier>{4FC737F1-C7A5-4376-A066-2A32D752A2FF}</UniqueIdentifier>
    </Filter>
  </ItemGroup>
  <ItemGroup>
    <ClCompile Include="src\mui\button.c">
      <Filter>Source Files</Filter>
    </ClCompile>
    <ClCompile Include="src\mui\displaylist.c">
      <Filter>Source Files</Filter>
    </ClCompile>
    <ClCompile Include="src\mui\gizmo.c">
      <Filter>Source Files</Filter>
    </ClCompile>
    <ClCompile Include="src\mui\glutmui.c">
      <Filter>Source Files</Filter>
    </ClCompile>
    <ClCompile Include="src\mui\hslider.c">
      <Filter>Source Files</Filter>
    </ClCompile>
    <ClCompile Include="..\app\ldglgui.c">
      <Filter>Source Files</Filter>
    </ClCompile>
    <ClCompile Include="src\mui\miscui.c">
      <Filter>Source Files</Filter>
    </ClCompile>
    <ClCompile Include="src\mui\mui.c">
      <Filter>Source Files</Filter>
    </ClCompile>
    <ClCompile Include="src\mui\pulldown.c">
      <Filter>Source Files</Filter>
    </ClCompile>
    <ClCompile Include="src\mui\textlist.c">
      <Filter>Source Files</Filter>
    </ClCompile>
    <ClCompile Include="src\mui\uicolor.c">
      <Filter>Source Files</Filter>
    </ClCompile>
    <ClCompile Include="src\mui\vslider.c">
      <Filter>Source Files</Filter>
    </ClCompile>
  </ItemGroup>
  <ItemGroup>
    <ClInclude Include="src\mui\displaylist.h">
      <Filter>Header Files</Filter>
    </ClInclude>
    <ClInclude Include="src\mui\gizmo.h">
      <Filter>Header Files</Filter>
    </ClInclude>
    <ClInclude Include="src\mui\hslider.h">
      <Filter>Header Files</Filter>
    </ClInclude>
    <ClInclude Include="src\mui\mui.h">
      <Filter>Header Files</Filter>
    </ClInclude>
    <ClInclude Include="src\mui\textlist.h">
      <Filter>Header Files</Filter>
    </ClInclude>
    <ClInclude Include="src\mui\uicolor.h">
      <Filter>Header Files</Filter>
    </ClInclude>
    <ClInclude Include="src\mui\vslider.h">
      <Filter>Header Files</Filter>
    </ClInclude>
  </ItemGroup>
</Project>